
Microsoft Visual Studio Solution File, Format Version 12.00
# Visual Studio Version 17
VisualStudioVersion = 17.1.32407.343
MinimumVisualStudioVersion = 10.0.40219.1
Project("{FAE04EC0-301F-11D3-BF4B-00C04F79EFBC}") = "Stairs", "Stairs\Stairs.csproj", "{2CDA74D2-06BF-465A-B480-D42ED2357E16}"
EndProject
Global
	GlobalSection(SolutionConfigurationPlatforms) = preSolution
		Debug|Any CPU = Debug|Any CPU
		Release|Any CPU = Release|Any CPU
	EndGlobalSection
	GlobalSection(ProjectConfigurationPlatforms) = postSolution
		{2CDA74D2-06BF-465A-B480-D42ED2357E16}.Debug|Any CPU.ActiveCfg = Debug|Any CPU
		{2CDA74D2-06BF-465A-B480-D42ED2357E16}.Debug|Any CPU.Build.0 = Debug|Any CPU
		{2CDA74D2-06BF-465A-B480-D42ED2357E16}.Release|Any CPU.ActiveCfg = Release|Any CPU
		{2CDA74D2-06BF-465A-B480-D42ED2357E16}.Release|Any CPU.Build.0 = Release|Any CPU
	EndGlobalSection
	GlobalSection(SolutionProperties) = preSolution
		HideSolutionNode = FALSE
	EndGlobalSection
	GlobalSection(ExtensibilityGlobals) = postSolution
		SolutionGuid = {6849E47F-F87A-4A59-9ECB-8580E97A8B68}
	EndGlobalSection
EndGlobal
